// !$*UTF8*$!
{
	archiveVersion = 1;
	classes = {
	};
	objectVersion = 46;
	objects = {

/* Begin PBXBuildFile section */
		1456B5BA19AAE94B002DE7AF /* AppDelegate.swift in Sources */ = {isa = PBXBuildFile; fileRef = 1456B5B919AAE94B002DE7AF /* AppDelegate.swift */; };
		1456B5BC19AAE94B002DE7AF /* ViewController.swift in Sources */ = {isa = PBXBuildFile; fileRef = 1456B5BB19AAE94B002DE7AF /* ViewController.swift */; };
		1456B5BF19AAE94B002DE7AF /* Main.storyboard in Resources */ = {isa = PBXBuildFile; fileRef = 1456B5BD19AAE94B002DE7AF /* Main.storyboard */; };
		1456B5C119AAE94B002DE7AF /* Images.xcassets in Resources */ = {isa = PBXBuildFile; fileRef = 1456B5C019AAE94B002DE7AF /* Images.xcassets */; };
		1456B5CD19AAE94B002DE7AF /* TipperTests.swift in Sources */ = {isa = PBXBuildFile; fileRef = 1456B5CC19AAE94B002DE7AF /* TipperTests.swift */; };
/* End PBXBuildFile section */

/* Begin PBXContainerItemProxy section */
		1456B5C719AAE94B002DE7AF /* PBXContainerItemProxy */ = {
			isa = PBXContainerItemProxy;
			containerPortal = 1456B5AC19AAE94B002DE7AF /* Project object */;
			proxyType = 1;
			remoteGlobalIDString = 1456B5B319AAE94B002DE7AF;
			remoteInfo = Tipper;
		};
/* End PBXContainerItemProxy section */

/* Begin PBXFileReference section */
		1456B5B419AAE94B002DE7AF /* Tipper.app */ = {isa = PBXFileReference; explicitFileType = wrapper.application; includeInIndex = 0; path = Tipper.app; sourceTree = BUILT_PRODUCTS_DIR; };
		1456B5B819AAE94B002DE7AF /* Info.plist */ = {isa = PBXFileReference; lastKnownFileType = text.plist.xml; path = Info.plist; sourceTree = "<group>"; };
		1456B5B919AAE94B002DE7AF /* AppDelegate.swift */ = {isa = PBXFileReference; lastKnownFileType = sourcecode.swift; path = AppDelegate.swift; sourceTree = "<group>"; };
		1456B5BB19AAE94B002DE7AF /* ViewController.swift */ = {isa = PBXFileReference; lastKnownFileType = sourcecode.swift; path = ViewController.swift; sourceTree = "<group>"; };
		1456B5BE19AAE94B002DE7AF /* Base */ = {isa = PBXFileReference; lastKnownFileType = file.storyboard; name = Base; path = Base.lproj/Main.storyboard; sourceTree = "<group>"; };
		1456B5C019AAE94B002DE7AF /* Images.xcassets */ = {isa = PBXFileReference; lastKnownFileType = folder.assetcatalog; path = Images.xcassets; sourceTree = "<group>"; };
		1456B5C619AAE94B002DE7AF /* TipperTests.xctest */ = {isa = PBXFileReference; explicitFileType = wrapper.cfbundle; includeInIndex = 0; path = TipperTests.xctest; sourceTree = BUILT_PRODUCTS_DIR; };
		1456B5CB19AAE94B002DE7AF /* Info.plist */ = {isa = PBXFileReference; lastKnownFileType = text.plist.xml; path = Info.plist; sourceTree = "<group>"; };
		1456B5CC19AAE94B002DE7AF /* TipperTests.swift */ = {isa = PBXFileReference; lastKnownFileType = sourcecode.swift; path = TipperTests.swift; sourceTree = "<group>"; };
/* End PBXFileReference section */

/* Begin PBXFrameworksBuildPhase section */
		1456B5B119AAE94B002DE7AF /* Frameworks */ = {
			isa = PBXFrameworksBuildPhase;
			buildActionMask = 2147483647;
			files = (
			);
			runOnlyForDeploymentPostprocessing = 0;
		};
		1456B5C319AAE94B002DE7AF /* Frameworks */ = {
			isa = PBXFrameworksBuildPhase;
			buildActionMask = 2147483647;
			files = (
			);
			runOnlyForDeploymentPostprocessing = 0;
		};
/* End PBXFrameworksBuildPhase section */

/* Begin PBXGroup section */
		1456B5AB19AAE94B002DE7AF = {
			isa = PBXGroup;
			children = (
				1456B5B619AAE94B002DE7AF /* Tipper */,
				1456B5C919AAE94B002DE7AF /* TipperTests */,
				1456B5B519AAE94B002DE7AF /* Products */,
			);
			sourceTree = "<group>";
		};
		1456B5B519AAE94B002DE7AF /* Products */ = {
			isa = PBXGroup;
			children = (
				1456B5B419AAE94B002DE7AF /* Tipper.app */,
				1456B5C619AAE94B002DE7AF /* TipperTests.xctest */,
			);
			name = Products;
			sourceTree = "<group>";
		};
		1456B5B619AAE94B002DE7AF /* Tipper */ = {
			isa = PBXGroup;
			children = (
				1456B5B919AAE94B002DE7AF /* AppDelegate.swift */,
				1456B5BB19AAE94B002DE7AF /* ViewController.swift */,
				1456B5BD19AAE94B002DE7AF /* Main.storyboard */,
				1456B5C019AAE94B002DE7AF /* Images.xcassets */,
				1456B5B719AAE94B002DE7AF /* Supporting Files */,
			);
			path = Tipper;
			sourceTree = "<group>";
		};
		1456B5B719AAE94B002DE7AF /* Supporting Files */ = {
			isa = PBXGroup;
			children = (
				1456B5B819AAE94B002DE7AF /* Info.plist */,
			);
			name = "Supporting Files";
			sourceTree = "<group>";
		};
		1456B5C919AAE94B002DE7AF /* TipperTests */ = {
			isa = PBXGroup;
			children = (
				1456B5CC19AAE94B002DE7AF /* TipperTests.swift */,
				1456B5CA19AAE94B002DE7AF /* Supporting Files */,
			);
			path = TipperTests;
			sourceTree = "<group>";
		};
		1456B5CA19AAE94B002DE7AF /* Supporting Files */ = {
			isa = PBXGroup;
			children = (
				1456B5CB19AAE94B002DE7AF /* Info.plist */,
			);
			name = "Supporting Files";
			sourceTree = "<group>";
		};
/* End PBXGroup section */

/* Begin PBXNativeTarget section */
		1456B5B319AAE94B002DE7AF /* Tipper */ = {
			isa = PBXNativeTarget;
			buildConfigurationList = 1456B5D019AAE94B002DE7AF /* Build configuration list for PBXNativeTarget "Tipper" */;
			buildPhases = (
				1456B5B019AAE94B002DE7AF /* Sources */,
				1456B5B119AAE94B002DE7AF /* Frameworks */,
				1456B5B219AAE94B002DE7AF /* Resources */,
			);
			buildRules = (
			);
			dependencies = (
			);
			name = Tipper;
			productName = Tipper;
			productReference = 1456B5B419AAE94B002DE7AF /* Tipper.app */;
			productType = "com.apple.product-type.application";
		};
		1456B5C519AAE94B002DE7AF /* TipperTests */ = {
			isa = PBXNativeTarget;
			buildConfigurationList = 1456B5D319AAE94B002DE7AF /* Build configuration list for PBXNativeTarget "TipperTests" */;
			buildPhases = (
				1456B5C219AAE94B002DE7AF /* Sources */,
				1456B5C319AAE94B002DE7AF /* Frameworks */,
				1456B5C419AAE94B002DE7AF /* Resources */,
			);
			buildRules = (
			);
			dependencies = (
				1456B5C819AAE94B002DE7AF /* PBXTargetDependency */,
			);
			name = TipperTests;
			productName = TipperTests;
			productReference = 1456B5C619AAE94B002DE7AF /* TipperTests.xctest */;
			productType = "com.apple.product-type.bundle.unit-test";
		};
/* End PBXNativeTarget section */

/* Begin PBXProject section */
		1456B5AC19AAE94B002DE7AF /* Project object */ = {
			isa = PBXProject;
			attributes = {
				LastUpgradeCheck = 0600;
				ORGANIZATIONNAME = cnv;
				TargetAttributes = {
					1456B5B319AAE94B002DE7AF = {
						CreatedOnToolsVersion = 6.0;
					};
					1456B5C519AAE94B002DE7AF = {
						CreatedOnToolsVersion = 6.0;
						TestTargetID = 1456B5B319AAE94B002DE7AF;
					};
				};
			};
			buildConfigurationList = 1456B5AF19AAE94B002DE7AF /* Build configuration list for PBXProject "Tipper" */;
			compatibilityVersion = "Xcode 3.2";
			developmentRegion = English;
			hasScannedForEncodings = 0;
			knownRegions = (
				en,
				Base,
			);
			mainGroup = 1456B5AB19AAE94B002DE7AF;
			productRefGroup = 1456B5B519AAE94B002DE7AF /* Products */;
			projectDirPath = "";
			projectRoot = "";
			targets = (
				1456B5B319AAE94B002DE7AF /* Tipper */,
				1456B5C519AAE94B002DE7AF /* TipperTests */,
			);
		};
/* End PBXProject section */

/* Begin PBXResourcesBuildPhase section */
		1456B5B219AAE94B002DE7AF /* Resources */ = {
			isa = PBXResourcesBuildPhase;
			buildActionMask = 2147483647;
			files = (
				1456B5BF19AAE94B002DE7AF /* Main.storyboard in Resources */,
				1456B5C119AAE94B002DE7AF /* Images.xcassets in Resources */,
			);
			runOnlyForDeploymentPostprocessing = 0;
		};
		1456B5C419AAE94B002DE7AF /* Resources */ = {
			isa = PBXResourcesBuildPhase;
			buildActionMask = 2147483647;
			files = (
			);
			runOnlyForDeploymentPostprocessing = 0;
		};
/* End PBXResourcesBuildPhase section */

/* Begin PBXSourcesBuildPhase section */
		1456B5B019AAE94B002DE7AF /* Sources */ = {
			isa = PBXSourcesBuildPhase;
			buildActionMask = 2147483647;
			files = (
				1456B5BC19AAE94B002DE7AF /* ViewController.swift in Sources */,
				1456B5BA19AAE94B002DE7AF /* AppDelegate.swift in Sources */,
			);
			runOnlyForDeploymentPostprocessing = 0;
		};
		1456B5C219AAE94B002DE7AF /* Sources */ = {
			isa = PBXSourcesBuildPhase;
			buildActionMask = 2147483647;
			files = (
				1456B5CD19AAE94B002DE7AF /* TipperTests.swift in Sources */,
			);
			runOnlyForDeploymentPostprocessing = 0;
		};
/* End PBXSourcesBuildPhase section */

/* Begin PBXTargetDependency section */
		1456B5C819AAE94B002DE7AF /* PBXTargetDependency */ = {
			isa = PBXTargetDependency;
			target = 1456B5B319AAE94B002DE7AF /* Tipper */;
			targetProxy = 1456B5C719AAE94B002DE7AF /* PBXContainerItemProxy */;
		};
/* End PBXTargetDependency section */

/* Begin PBXVariantGroup section */
		1456B5BD19AAE94B002DE7AF /* Main.storyboard */ = {
			isa = PBXVariantGroup;
			children = (
				1456B5BE19AAE94B002DE7AF /* Base */,
			);
			name = Main.storyboard;
			sourceTree = "<group>";
		};
/* End PBXVariantGroup section */

/* Begin XCBuildConfiguration section */
		1456B5CE19AAE94B002DE7AF /* Debug */ = {
			isa = XCBuildConfiguration;
			buildSettings = {
				ALWAYS_SEARCH_USER_PATHS = NO;
				CLANG_CXX_LANGUAGE_STANDARD = "gnu++0x";
				CLANG_CXX_LIBRARY = "libc++";
				CLANG_ENABLE_MODULES = YES;
				CLANG_ENABLE_OBJC_ARC = YES;
				CLANG_WARN_BOOL_CONVERSION = YES;
				CLANG_WARN_CONSTANT_CONVERSION = YES;
				CLANG_WARN_DIRECT_OBJC_ISA_USAGE = YES_ERROR;
				CLANG_WARN_EMPTY_BODY = YES;
				CLANG_WARN_ENUM_CONVERSION = YES;
				CLANG_WARN_INT_CONVERSION = YES;
				CLANG_WARN_OBJC_ROOT_CLASS = YES_ERROR;
				CLANG_WARN_UNREACHABLE_CODE = YES;
				CLANG_WARN__DUPLICATE_METHOD_MATCH = YES;
				"CODE_SIGN_IDENTITY[sdk=iphoneos*]" = "iPhone Developer";
				COPY_PHASE_STRIP = NO;
				ENABLE_STRICT_OBJC_MSGSEND = YES;
				GCC_C_LANGUAGE_STANDARD = gnu99;
				GCC_DYNAMIC_NO_PIC = NO;
				GCC_OPTIMIZATION_LEVEL = 0;
				GCC_PREPROCESSOR_DEFINITIONS = (
					"DEBUG=1",
					"$(inherited)",
				);
				GCC_SYMBOLS_PRIVATE_EXTERN = NO;
				GCC_WARN_64_TO_32_BIT_CONVERSION = YES;
				GCC_WARN_ABOUT_RETURN_TYPE = YES_ERROR;
				GCC_WARN_UNDECLARED_SELECTOR = YES;
				GCC_WARN_UNINITIALIZED_AUTOS = YES_AGGRESSIVE;
				GCC_WARN_UNUSED_FUNCTION = YES;
				GCC_WARN_UNUSED_VARIABLE = YES;
				IPHONEOS_DEPLOYMENT_TARGET = 8.0;
				MTL_ENABLE_DEBUG_INFO = YES;
				ONLY_ACTIVE_ARCH = YES;
				SDKROOT = iphoneos;
				SWIFT_OPTIMIZATION_LEVEL = "-Onone";
			};
			name = Debug;
		};
		1456B5CF19AAE94B002DE7AF /* Release */ = {
			isa = XCBuildConfiguration;
			buildSettings = {
				ALWAYS_SEARCH_USER_PATHS = NO;
				CLANG_CXX_LANGUAGE_STANDARD = "gnu++0x";
				CLANG_CXX_LIBRARY = "libc++";
				CLANG_ENABLE_MODULES = YES;
				CLANG_ENABLE_OBJC_ARC = YES;
				CLANG_WARN_BOOL_CONVERSION = YES;
				CLANG_WARN_CONSTANT_CONVERSION = YES;
				CLANG_WARN_DIRECT_OBJC_ISA_USAGE = YES_ERROR;
				CLANG_WARN_EMPTY_BODY = YES;
				CLANG_WARN_ENUM_CONVERSION = YES;
				CLANG_WARN_INT_CONVERSION = YES;
				CLANG_WARN_OBJC_ROOT_CLASS = YES_ERROR;
				CLANG_WARN_UNREACHABLE_CODE = YES;
				CLANG_WARN__DUPLICATE_METHOD_MATCH = YES;
				"CODE_SIGN_IDENTITY[sdk=iphoneos*]" = "iPhone Developer";
				COPY_PHASE_STRIP = YES;
				ENABLE_NS_ASSERTIONS = NO;
				ENABLE_STRICT_OBJC_MSGSEND = YES;
				GCC_C_LANGUAGE_STANDARD = gnu99;
				GCC_WARN_64_TO_32_BIT_CONVERSION = YES;
				GCC_WARN_ABOUT_RETURN_TYPE = YES_ERROR;
				GCC_WARN_UNDECLARED_SELECTOR = YES;
				GCC_WARN_UNINITIALIZED_AUTOS = YES_AGGRESSIVE;
				GCC_WARN_UNUSED_FUNCTION = YES;
				GCC_WARN_UNUSED_VARIABLE = YES;
				IPHONEOS_DEPLOYMENT_TARGET = 8.0;
				MTL_ENABLE_DEBUG_INFO = NO;
				SDKROOT = iphoneos;
				VALIDATE_PRODUCT = YES;
			};
			name = Release;
		};
		1456B5D119AAE94B002DE7AF /* Debug */ = {
			isa = XCBuildConfiguration;
			buildSettings = {
				ASSETCATALOG_COMPILER_APPICON_NAME = AppIcon;
				ASSETCATALOG_COMPILER_LAUNCHIMAGE_NAME = LaunchImage;
				INFOPLIST_FILE = Tipper/Info.plist;
				LD_RUNPATH_SEARCH_PATHS = "$(inherited) @executable_path/Frameworks";
				PRODUCT_NAME = "$(TARGET_NAME)";
			};
			name = Debug;
		};
		1456B5D219AAE94B002DE7AF /* Release */ = {
			isa = XCBuildConfiguration;
			buildSettings = {
				ASSETCATALOG_COMPILER_APPICON_NAME = AppIcon;
				ASSETCATALOG_COMPILER_LAUNCHIMAGE_NAME = LaunchImage;
				INFOPLIST_FILE = Tipper/Info.plist;
				LD_RUNPATH_SEARCH_PATHS = "$(inherited) @executable_path/Frameworks";
				PRODUCT_NAME = "$(TARGET_NAME)";
			};
			name = Release;
		};
		1456B5D419AAE94B002DE7AF /* Debug */ = {
			isa = XCBuildConfiguration;
			buildSettings = {
				BUNDLE_LOADER = "$(TEST_HOST)";
				FRAMEWORK_SEARCH_PATHS = (
					"$(SDKROOT)/Developer/Library/Frameworks",
					"$(inherited)",
				);
				GCC_PREPROCESSOR_DEFINITIONS = (
					"DEBUG=1",
					"$(inherited)",
				);
				INFOPLIST_FILE = TipperTests/Info.plist;
				LD_RUNPATH_SEARCH_PATHS = "$(inherited) @executable_path/Frameworks @loader_path/Frameworks";
				PRODUCT_NAME = "$(TARGET_NAME)";
				TEST_HOST = "$(BUILT_PRODUCTS_DIR)/Tipper.app/Tipper";
			};
			name = Debug;
		};
		1456B5D519AAE94B002DE7AF /* Release */ = {
			isa = XCBuildConfiguration;
			buildSettings = {
				BUNDLE_LOADER = "$(TEST_HOST)";
				FRAMEWORK_SEARCH_PATHS = (
					"$(SDKROOT)/Developer/Library/Frameworks",
					"$(inherited)",
				);
				INFOPLIST_FILE = TipperTests/Info.plist;
				LD_RUNPATH_SEARCH_PATHS = "$(inherited) @executable_path/Frameworks @loader_path/Frameworks";
				PRODUCT_NAME = "$(TARGET_NAME)";
				TEST_HOST = "$(BUILT_PRODUCTS_DIR)/Tipper.app/Tipper";
			};
			name = Release;
		};
/* End XCBuildConfiguration section */

/* Begin XCConfigurationList section */
		1456B5AF19AAE94B002DE7AF /* Build configuration list for PBXProject "Tipper" */ = {
			isa = XCConfigurationList;
			buildConfigurations = (
				1456B5CE19AAE94B002DE7AF /* Debug */,
				1456B5CF19AAE94B002DE7AF /* Release */,
			);
			defaultConfigurationIsVisible = 0;
			defaultConfigurationName = Release;
		};
		1456B5D019AAE94B002DE7AF /* Build configuration list for PBXNativeTarget "Tipper" */ = {
			isa = XCConfigurationList;
			buildConfigurations = (
				1456B5D119AAE94B002DE7AF /* Debug */,
				1456B5D219AAE94B002DE7AF /* Release */,
			);
			defaultConfigurationIsVisible = 0;
		};
		1456B5D319AAE94B002DE7AF /* Build configuration list for PBXNativeTarget "TipperTests" */ = {
			isa = XCConfigurationList;
			buildConfigurations = (
				1456B5D419AAE94B002DE7AF /* Debug */,
				1456B5D519AAE94B002DE7AF /* Release */,
			);
			defaultConfigurationIsVisible = 0;
		};
/* End XCConfigurationList section */
	};
	rootObject = 1456B5AC19AAE94B002DE7AF /* Project object */;
}
